// !$*UTF8*$!
{
	archiveVersion = 1;
	classes = {
	};
	objectVersion = 77;
	objects = {

/* Begin PBXBuildFile section */
		62EDA13A304DF1BB00E7DF22 /* Sentry in Frameworks */ = {isa = PBXBuildFile; productRef = 62EDA139304DF1BB00E7DF22 /* Sentry */; };
		62EDA13D304DF2AE00E7DF22 /* PostHog in Frameworks */ = {isa = PBXBuildFile; productRef = 62EDA13C304DF2AE00E7DF22 /* PostHog */; };
/* End PBXBuildFile section */

/* Begin PBXContainerItemProxy section */
		620094D22FB15C86000C2463 /* PBXContainerItemProxy */ = {
			isa = PBXContainerItemProxy;
			containerPortal = 620094BC2FB15C85000C2463 /* Project object */;
			proxyType = 1;
			remoteGlobalIDString = 620094C32FB15C85000C2463;
			remoteInfo = Vestigo;
		};
		620094DC2FB15C86000C2463 /* PBXContainerItemProxy */ = {
			isa = PBXContainerItemProxy;
			containerPortal = 620094BC2FB15C85000C2463 /* Project object */;
			proxyType = 1;
			remoteGlobalIDString = 620094C32FB15C85000C2463;
			remoteInfo = Vestigo;
		};
/* End PBXContainerItemProxy section */

/* Begin PBXFileReference section */
		620094C42FB15C85000C2463 /* Vestigo.app */ = {isa = PBXFileReference; explicitFileType = wrapper.application; includeInIndex = 0; path = Vestigo.app; sourceTree = BUILT_PRODUCTS_DIR; };
		620094D12FB15C86000C2463 /* VestigoTests.xctest */ = {isa = PBXFileReference; explicitFileType = wrapper.cfbundle; includeInIndex = 0; path = VestigoTests.xctest; sourceTree = BUILT_PRODUCTS_DIR; };
		620094DB2FB15C86000C2463 /* VestigoUITests.xctest */ = {isa = PBXFileReference; explicitFileType = wrapper.cfbundle; includeInIndex = 0; path = VestigoUITests.xctest; sourceTree = BUILT_PRODUCTS_DIR; };
/* End PBXFileReference section */

/* Begin PBXFileSystemSynchronizedBuildFileExceptionSet section */
		62F767E93012D5D7001A848B /* Exceptions for "Vestigo" folder in "Vestigo" target */ = {
			isa = PBXFileSystemSynchronizedBuildFileExceptionSet;
			membershipExceptions = (
				Info.plist,
			);
			target = 620094C32FB15C85000C2463 /* Vestigo */;
		};
/* End PBXFileSystemSynchronizedBuildFileExceptionSet section */

/* Begin PBXFileSystemSynchronizedRootGroup section */
		620094C62FB15C85000C2463 /* Vestigo */ = {
			isa = PBXFileSystemSynchronizedRootGroup;
			exceptions = (
				62F767E93012D5D7001A848B /* Exceptions for "Vestigo" folder in "Vestigo" target */,
			);
			path = Vestigo;
			sourceTree = "<group>";
		};
		620094D42FB15C86000C2463 /* VestigoTests */ = {
			isa = PBXFileSystemSynchronizedRootGroup;
			path = VestigoTests;
			sourceTree = "<group>";
		};
		620094DE2FB15C86000C2463 /* VestigoUITests */ = {
			isa = PBXFileSystemSynchronizedRootGroup;
			path = VestigoUITests;
			sourceTree = "<group>";
		};
/* End PBXFileSystemSynchronizedRootGroup section */

/* Begin PBXFrameworksBuildPhase section */
		620094C12FB15C85000C2463 /* Frameworks */ = {
			isa = PBXFrameworksBuildPhase;
			buildActionMask = 2147483647;
			files = (
				62EDA13A304DF1BB00E7DF22 /* Sentry in Frameworks */,
				62EDA13D304DF2AE00E7DF22 /* PostHog in Frameworks */,
			);
			runOnlyForDeploymentPostprocessing = 0;
		};
		620094CE2FB15C86000C2463 /* Frameworks */ = {
			isa = PBXFrameworksBuildPhase;
			buildActionMask = 2147483647;
			files = (
			);
			runOnlyForDeploymentPostprocessing = 0;
		};
		620094D82FB15C86000C2463 /* Frameworks */ = {
			isa = PBXFrameworksBuildPhase;
			buildActionMask = 2147483647;
			files = (
			);
			runOnlyForDeploymentPostprocessing = 0;
		};
/* End PBXFrameworksBuildPhase section */

/* Begin PBXGroup section */
		620094BB2FB15C85000C2463 = {
			isa = PBXGroup;
			children = (
				620094C62FB15C85000C2463 /* Vestigo */,
				620094D42FB15C86000C2463 /* VestigoTests */,
				620094DE2FB15C86000C2463 /* VestigoUITests */,
				62EDA13B304DF2AE00E7DF22 /* Frameworks */,
				620094C52FB15C85000C2463 /* Products */,
			);
			sourceTree = "<group>";
		};
		620094C52FB15C85000C2463 /* Products */ = {
			isa = PBXGroup;
			children = (
				620094C42FB15C85000C2463 /* Vestigo.app */,
				620094D12FB15C86000C2463 /* VestigoTests.xctest */,
				620094DB2FB15C86000C2463 /* VestigoUITests.xctest */,
			);
			name = Products;
			sourceTree = "<group>";
		};
		62EDA13B304DF2AE00E7DF22 /* Frameworks */ = {
			isa = PBXGroup;
			children = (
			);
			name = Frameworks;
			sourceTree = "<group>";
		};
/* End PBXGroup section */

/* Begin PBXNativeTarget section */
		620094C32FB15C85000C2463 /* Vestigo */ = {
			isa = PBXNativeTarget;
			buildConfigurationList = 620094E52FB15C86000C2463 /* Build configuration list for PBXNativeTarget "Vestigo" */;
			buildPhases = (
				620094C02FB15C85000C2463 /* Sources */,
				620094C12FB15C85000C2463 /* Frameworks */,
				620094C22FB15C85000C2463 /* Resources */,
			);
			buildRules = (
			);
			dependencies = (
			);
			fileSystemSynchronizedGroups = (
				620094C62FB15C85000C2463 /* Vestigo */,
			);
			name = Vestigo;
			packageProductDependencies = (
				62EDA139304DF1BB00E7DF22 /* Sentry */,
				62EDA13C304DF2AE00E7DF22 /* PostHog */,
			);
			productName = Vestigo;
			productReference = 620094C42FB15C85000C2463 /* Vestigo.app */;
			productType = "com.apple.product-type.application";
		};
		620094D02FB15C86000C2463 /* VestigoTests */ = {
			isa = PBXNativeTarget;
			buildConfigurationList = 620094E82FB15C86000C2463 /* Build configuration list for PBXNativeTarget "VestigoTests" */;
			buildPhases = (
				620094CD2FB15C86000C2463 /* Sources */,
				620094CE2FB15C86000C2463 /* Frameworks */,
				620094CF2FB15C86000C2463 /* Resources */,
			);
			buildRules = (
			);
			dependencies = (
				620094D32FB15C86000C2463 /* PBXTargetDependency */,
			);
			fileSystemSynchronizedGroups = (
				620094D42FB15C86000C2463 /* VestigoTests */,
			);
			name = VestigoTests;
			packageProductDependencies = (
			);
			productName = VestigoTests;
			productReference = 620094D12FB15C86000C2463 /* VestigoTests.xctest */;
			productType = "com.apple.product-type.bundle.unit-test";
		};
		620094DA2FB15C86000C2463 /* VestigoUITests */ = {
			isa = PBXNativeTarget;
			buildConfigurationList = 620094EB2FB15C86000C2463 /* Build configuration list for PBXNativeTarget "VestigoUITests" */;
			buildPhases = (
				620094D72FB15C86000C2463 /* Sources */,
				620094D82FB15C86000C2463 /* Frameworks */,
				620094D92FB15C86000C2463 /* Resources */,
			);
			buildRules = (
			);
			dependencies = (
				620094DD2FB15C86000C2463 /* PBXTargetDependency */,
			);
			fileSystemSynchronizedGroups = (
				620094DE2FB15C86000C2463 /* VestigoUITests */,
			);
			name = VestigoUITests;
			packageProductDependencies = (
			);
			productName = VestigoUITests;
			productReference = 620094DB2FB15C86000C2463 /* VestigoUITests.xctest */;
			productType = "com.apple.product-type.bundle.ui-testing";
		};
/* End PBXNativeTarget section */

/* Begin PBXProject section */
		620094BC2FB15C85000C2463 /* Project object */ = {
			isa = PBXProject;
			attributes = {
				BuildIndependentTargetsInParallel = 1;
				LastSwiftUpdateCheck = 2640;
				LastUpgradeCheck = 2640;
				TargetAttributes = {
					620094C32FB15C85000C2463 = {
						CreatedOnToolsVersion = 26.4.1;
					};
					620094D02FB15C86000C2463 = {
						CreatedOnToolsVersion = 26.4.1;
						TestTargetID = 620094C32FB15C85000C2463;
					};
					620094DA2FB15C86000C2463 = {
						CreatedOnToolsVersion = 26.4.1;
						TestTargetID = 620094C32FB15C85000C2463;
					};
				};
			};
			buildConfigurationList = 620094BF2FB15C85000C2463 /* Build configuration list for PBXProject "Vestigo" */;
			developmentRegion = en;
			hasScannedForEncodings = 0;
			knownRegions = (
				en,
				Base,
			);
			mainGroup = 620094BB2FB15C85000C2463;
			minimizedProjectReferenceProxies = 1;
			packageReferences = (
				62EDA137304DF0FA00E7DF22 /* XCRemoteSwiftPackageReference "posthog-ios" */,
				62EDA138304DF1BB00E7DF22 /* XCRemoteSwiftPackageReference "sentry-cocoa" */,
			);
			preferredProjectObjectVersion = 77;
			productRefGroup = 620094C52FB15C85000C2463 /* Products */;
			projectDirPath = "";
			projectRoot = "";
			targets = (
				620094C32FB15C85000C2463 /* Vestigo */,
				620094D02FB15C86000C2463 /* VestigoTests */,
				620094DA2FB15C86000C2463 /* VestigoUITests */,
			);
		};
/* End PBXProject section */

/* Begin PBXResourcesBuildPhase section */
		620094C22FB15C85000C2463 /* Resources */ = {
			isa = PBXResourcesBuildPhase;
			buildActionMask = 2147483647;
			files = (
			);
			runOnlyForDeploymentPostprocessing = 0;
		};
		620094CF2FB15C86000C2463 /* Resources */ = {
			isa = PBXResourcesBuildPhase;
			buildActionMask = 2147483647;
			files = (
			);
			runOnlyForDeploymentPostprocessing = 0;
		};
		620094D92FB15C86000C2463 /* Resources */ = {
			isa = PBXResourcesBuildPhase;
			buildActionMask = 2147483647;
			files = (
			);
			runOnlyForDeploymentPostprocessing = 0;
		};
/* End PBXResourcesBuildPhase section */

/* Begin PBXSourcesBuildPhase section */
		620094C02FB15C85000C2463 /* Sources */ = {
			isa = PBXSourcesBuildPhase;
			buildActionMask = 2147483647;
			files = (
			);
			runOnlyForDeploymentPostprocessing = 0;
		};
		620094CD2FB15C86000C2463 /* Sources */ = {
			isa = PBXSourcesBuildPhase;
			buildActionMask = 2147483647;
			files = (
			);
			runOnlyForDeploymentPostprocessing = 0;
		};
		620094D72FB15C86000C2463 /* Sources */ = {
			isa = PBXSourcesBuildPhase;
			buildActionMask = 2147483647;
			files = (
			);
			runOnlyForDeploymentPostprocessing = 0;
		};
/* End PBXSourcesBuildPhase section */

/* Begin PBXTargetDependency section */
		620094D32FB15C86000C2463 /* PBXTargetDependency */ = {
			isa = PBXTargetDependency;
			target = 620094C32FB15C85000C2463 /* Vestigo */;
			targetProxy = 620094D22FB15C86000C2463 /* PBXContainerItemProxy */;
		};
		620094DD2FB15C86000C2463 /* PBXTargetDependency */ = {
			isa = PBXTargetDependency;
			target = 620094C32FB15C85000C2463 /* Vestigo */;
			targetProxy = 620094DC2FB15C86000C2463 /* PBXContainerItemProxy */;
		};
/* End PBXTargetDependency section */

/* Begin XCBuildConfiguration section */
		620094E32FB15C86000C2463 /* Debug */ = {
			isa = XCBuildConfiguration;
			buildSettings = {
				ALWAYS_SEARCH_USER_PATHS = NO;
				ASSETCATALOG_COMPILER_GENERATE_SWIFT_ASSET_SYMBOL_EXTENSIONS = YES;
				CLANG_ANALYZER_NONNULL = YES;
				CLANG_ANALYZER_NUMBER_OBJECT_CONVERSION = YES_AGGRESSIVE;
				CLANG_CXX_LANGUAGE_STANDARD = "gnu++20";
				CLANG_ENABLE_MODULES = YES;
				CLANG_ENABLE_OBJC_ARC = YES;
				CLANG_ENABLE_OBJC_WEAK = YES;
				CLANG_WARN_BLOCK_CAPTURE_AUTORELEASING = YES;
				CLANG_WARN_BOOL_CONVERSION = YES;
				CLANG_WARN_COMMA = YES;
				CLANG_WARN_CONSTANT_CONVERSION = YES;
				CLANG_WARN_DEPRECATED_OBJC_IMPLEMENTATIONS = YES;
				CLANG_WARN_DIRECT_OBJC_ISA_USAGE = YES_ERROR;
				CLANG_WARN_DOCUMENTATION_COMMENTS = YES;
				CLANG_WARN_EMPTY_BODY = YES;
				CLANG_WARN_ENUM_CONVERSION = YES;
				CLANG_WARN_INFINITE_RECURSION = YES;
				CLANG_WARN_INT_CONVERSION = YES;
				CLANG_WARN_NON_LITERAL_NULL_CONVERSION = YES;
				CLANG_WARN_OBJC_IMPLICIT_RETAIN_SELF = YES;
				CLANG_WARN_OBJC_LITERAL_CONVERSION = YES;
				CLANG_WARN_OBJC_ROOT_CLASS = YES_ERROR;
				CLANG_WARN_QUOTED_INCLUDE_IN_FRAMEWORK_HEADER = YES;
				CLANG_WARN_RANGE_LOOP_ANALYSIS = YES;
				CLANG_WARN_STRICT_PROTOTYPES = YES;
				CLANG_WARN_SUSPICIOUS_MOVE = YES;
				CLANG_WARN_UNGUARDED_AVAILABILITY = YES_AGGRESSIVE;
				CLANG_WARN_UNREACHABLE_CODE = YES;
				CLANG_WARN__DUPLICATE_METHOD_MATCH = YES;
				COPY_PHASE_STRIP = NO;
				DEBUG_INFORMATION_FORMAT = dwarf;
				ENABLE_STRICT_OBJC_MSGSEND = YES;
				ENABLE_TESTABILITY = YES;
				ENABLE_USER_SCRIPT_SANDBOXING = YES;
				GCC_C_LANGUAGE_STANDARD = gnu17;
				GCC_DYNAMIC_NO_PIC = NO;
				GCC_NO_COMMON_BLOCKS = YES;
				GCC_OPTIMIZATION_LEVEL = 0;
				GCC_PREPROCESSOR_DEFINITIONS = (
					"DEBUG=1",
					"$(inherited)",
				);
				GCC_WARN_64_TO_32_BIT_CONVERSION = YES;
				GCC_WARN_ABOUT_RETURN_TYPE = YES_ERROR;
				GCC_WARN_UNDECLARED_SELECTOR = YES;
				GCC_WARN_UNINITIALIZED_AUTOS = YES_AGGRESSIVE;
				GCC_WARN_UNUSED_FUNCTION = YES;
				GCC_WARN_UNUSED_VARIABLE = YES;
				IPHONEOS_DEPLOYMENT_TARGET = 26.4;
				LOCALIZATION_PREFERS_STRING_CATALOGS = YES;
				MTL_ENABLE_DEBUG_INFO = INCLUDE_SOURCE;
				MTL_FAST_MATH = YES;
				ONLY_ACTIVE_ARCH = YES;
				SDKROOT = iphoneos;
				SWIFT_ACTIVE_COMPILATION_CONDITIONS = "DEBUG $(inherited)";
				SWIFT_OPTIMIZATION_LEVEL = "-Onone";
			};
			name = Debug;
		};
		620094E42FB15C86000C2463 /* Release */ = {
			isa = XCBuildConfiguration;
			buildSettings = {
				ALWAYS_SEARCH_USER_PATHS = NO;
				ASSETCATALOG_COMPILER_GENERATE_SWIFT_ASSET_SYMBOL_EXTENSIONS = YES;
				CLANG_ANALYZER_NONNULL = YES;
				CLANG_ANALYZER_NUMBER_OBJECT_CONVERSION = YES_AGGRESSIVE;
				CLANG_CXX_LANGUAGE_STANDARD = "gnu++20";
				CLANG_ENABLE_MODULES = YES;
				CLANG_ENABLE_OBJC_ARC = YES;
				CLANG_ENABLE_OBJC_WEAK = YES;
				CLANG_WARN_BLOCK_CAPTURE_AUTORELEASING = YES;
				CLANG_WARN_BOOL_CONVERSION = YES;
				CLANG_WARN_COMMA = YES;
				CLANG_WARN_CONSTANT_CONVERSION = YES;
				CLANG_WARN_DEPRECATED_OBJC_IMPLEMENTATIONS = YES;
				CLANG_WARN_DIRECT_OBJC_ISA_USAGE = YES_ERROR;
				CLANG_WARN_DOCUMENTATION_COMMENTS = YES;
				CLANG_WARN_EMPTY_BODY = YES;
				CLANG_WARN_ENUM_CONVERSION = YES;
				CLANG_WARN_INFINITE_RECURSION = YES;
				CLANG_WARN_INT_CONVERSION = YES;
				CLANG_WARN_NON_LITERAL_NULL_CONVERSION = YES;
				CLANG_WARN_OBJC_IMPLICIT_RETAIN_SELF = YES;
				CLANG_WARN_OBJC_LITERAL_CONVERSION = YES;
				CLANG_WARN_OBJC_ROOT_CLASS = YES_ERROR;
				CLANG_WARN_QUOTED_INCLUDE_IN_FRAMEWORK_HEADER = YES;
				CLANG_WARN_RANGE_LOOP_ANALYSIS = YES;
				CLANG_WARN_STRICT_PROTOTYPES = YES;
				CLANG_WARN_SUSPICIOUS_MOVE = YES;
				CLANG_WARN_UNGUARDED_AVAILABILITY = YES_AGGRESSIVE;
				CLANG_WARN_UNREACHABLE_CODE = YES;
				CLANG_WARN__DUPLICATE_METHOD_MATCH = YES;
				COPY_PHASE_STRIP = NO;
				DEBUG_INFORMATION_FORMAT = "dwarf-with-dsym";
				ENABLE_NS_ASSERTIONS = NO;
				ENABLE_STRICT_OBJC_MSGSEND = YES;
				ENABLE_USER_SCRIPT_SANDBOXING = YES;
				GCC_C_LANGUAGE_STANDARD = gnu17;
				GCC_NO_COMMON_BLOCKS = YES;
				GCC_WARN_64_TO_32_BIT_CONVERSION = YES;
				GCC_WARN_ABOUT_RETURN_TYPE = YES_ERROR;
				GCC_WARN_UNDECLARED_SELECTOR = YES;
				GCC_WARN_UNINITIALIZED_AUTOS = YES_AGGRESSIVE;
				GCC_WARN_UNUSED_FUNCTION = YES;
				GCC_WARN_UNUSED_VARIABLE = YES;
				IPHONEOS_DEPLOYMENT_TARGET = 26.4;
				LOCALIZATION_PREFERS_STRING_CATALOGS = YES;
				MTL_ENABLE_DEBUG_INFO = NO;
				MTL_FAST_MATH = YES;
				SDKROOT = iphoneos;
				SWIFT_COMPILATION_MODE = wholemodule;
				VALIDATE_PRODUCT = YES;
			};
			name = Release;
		};
		620094E62FB15C86000C2463 /* Debug */ = {
			isa = XCBuildConfiguration;
			buildSettings = {
				ASSETCATALOG_COMPILER_APPICON_NAME = AppIcon;
				ASSETCATALOG_COMPILER_GLOBAL_ACCENT_COLOR_NAME = AccentColor;
				CODE_SIGN_ENTITLEMENTS = Vestigo/Vestigo.entitlements;
				CODE_SIGN_IDENTITY = "Apple Development";
				CODE_SIGN_STYLE = Automatic;
				CURRENT_PROJECT_VERSION = 1;
				DEVELOPMENT_TEAM = H5YGR6U5A4;
				ENABLE_PREVIEWS = YES;
				GENERATE_INFOPLIST_FILE = YES;
				INFOPLIST_FILE = Vestigo/Info.plist;
				INFOPLIST_KEY_CFBundleDisplayName = Vestigo;
				INFOPLIST_KEY_LSApplicationCategoryType = "public.app-category.entertainment";
				INFOPLIST_KEY_NSCalendarsFullAccessUsageDescription = "Vestigo uses calendar access to add release dates for upcoming movies and TV seasons.";
				INFOPLIST_KEY_NSContactsUsageDescription = "Vestigo uses your contacts to make friends.";
				INFOPLIST_KEY_NSLocationWhenInUseUsageDescription = "Vestigo uses your location to find nearby cinema showings for new movies.";
				INFOPLIST_KEY_UIApplicationSceneManifest_Generation = YES;
				INFOPLIST_KEY_UIApplicationSupportsIndirectInputEvents = YES;
				INFOPLIST_KEY_UILaunchScreen_Generation = YES;
				INFOPLIST_KEY_UISupportedInterfaceOrientations = UIInterfaceOrientationPortrait;
				INFOPLIST_KEY_UISupportedInterfaceOrientations_iPad = "UIInterfaceOrientationLandscapeLeft UIInterfaceOrientationLandscapeRight UIInterfaceOrientationPortrait UIInterfaceOrientationPortraitUpsideDown";
				IPHONEOS_DEPLOYMENT_TARGET = 26.0;
				LD_RUNPATH_SEARCH_PATHS = (
					"$(inherited)",
					"@executable_path/Frameworks",
				);
				MARKETING_VERSION = 2.1;
				PRODUCT_BUNDLE_IDENTIFIER = com.jojovestigo;
				PRODUCT_NAME = Vestigo;
				PROVISIONING_PROFILE_SPECIFIER = "";
				STRING_CATALOG_GENERATE_SYMBOLS = YES;
				SWIFT_APPROACHABLE_CONCURRENCY = YES;
				SWIFT_DEFAULT_ACTOR_ISOLATION = MainActor;
				SWIFT_EMIT_LOC_STRINGS = YES;
				SWIFT_UPCOMING_FEATURE_MEMBER_IMPORT_VISIBILITY = YES;
				SWIFT_VERSION = 5.0;
				TARGETED_DEVICE_FAMILY = "1,2";
			};
			name = Debug;
		};
		620094E72FB15C86000C2463 /* Release */ = {
			isa = XCBuildConfiguration;
			buildSettings = {
				ASSETCATALOG_COMPILER_APPICON_NAME = AppIcon;
				ASSETCATALOG_COMPILER_GLOBAL_ACCENT_COLOR_NAME = AccentColor;
				CODE_SIGN_ENTITLEMENTS = Vestigo/Vestigo.entitlements;
				CODE_SIGN_IDENTITY = "Apple Development";
				CODE_SIGN_STYLE = Automatic;
				CURRENT_PROJECT_VERSION = 1;
				DEVELOPMENT_TEAM = H5YGR6U5A4;
				ENABLE_PREVIEWS = YES;
				GENERATE_INFOPLIST_FILE = YES;
				INFOPLIST_FILE = Vestigo/Info.plist;
				INFOPLIST_KEY_CFBundleDisplayName = Vestigo;
				INFOPLIST_KEY_LSApplicationCategoryType = "public.app-category.entertainment";
				INFOPLIST_KEY_NSCalendarsFullAccessUsageDescription = "Vestigo uses calendar access to add release dates for upcoming movies and TV seasons.";
				INFOPLIST_KEY_NSContactsUsageDescription = "Vestigo uses your contacts to make friends.";
				INFOPLIST_KEY_NSLocationWhenInUseUsageDescription = "Vestigo uses your location to find nearby cinema showings for new movies.";
				INFOPLIST_KEY_UIApplicationSceneManifest_Generation = YES;
				INFOPLIST_KEY_UIApplicationSupportsIndirectInputEvents = YES;
				INFOPLIST_KEY_UILaunchScreen_Generation = YES;
				INFOPLIST_KEY_UISupportedInterfaceOrientations = UIInterfaceOrientationPortrait;
				INFOPLIST_KEY_UISupportedInterfaceOrientations_iPad = "UIInterfaceOrientationLandscapeLeft UIInterfaceOrientationLandscapeRight UIInterfaceOrientationPortrait UIInterfaceOrientationPortraitUpsideDown";
				IPHONEOS_DEPLOYMENT_TARGET = 26.0;
				LD_RUNPATH_SEARCH_PATHS = (
					"$(inherited)",
					"@executable_path/Frameworks",
				);
				MARKETING_VERSION = 2.1;
				PRODUCT_BUNDLE_IDENTIFIER = com.jojovestigo;
				PRODUCT_NAME = Vestigo;
				PROVISIONING_PROFILE_SPECIFIER = "";
				STRING_CATALOG_GENERATE_SYMBOLS = YES;
				SWIFT_APPROACHABLE_CONCURRENCY = YES;
				SWIFT_DEFAULT_ACTOR_ISOLATION = MainActor;
				SWIFT_EMIT_LOC_STRINGS = YES;
				SWIFT_UPCOMING_FEATURE_MEMBER_IMPORT_VISIBILITY = YES;
				SWIFT_VERSION = 5.0;
				TARGETED_DEVICE_FAMILY = "1,2";
			};
			name = Release;
		};
		620094E92FB15C86000C2463 /* Debug */ = {
			isa = XCBuildConfiguration;
			buildSettings = {
				BUNDLE_LOADER = "$(TEST_HOST)";
				CODE_SIGN_STYLE = Automatic;
				CURRENT_PROJECT_VERSION = 1;
				GENERATE_INFOPLIST_FILE = YES;
				IPHONEOS_DEPLOYMENT_TARGET = 26.4;
				MARKETING_VERSION = 1.0;
				PRODUCT_BUNDLE_IDENTIFIER = Jojo.VestigoTests;
				PRODUCT_NAME = "$(TARGET_NAME)";
				STRING_CATALOG_GENERATE_SYMBOLS = NO;
				SWIFT_APPROACHABLE_CONCURRENCY = YES;
				SWIFT_EMIT_LOC_STRINGS = NO;
				SWIFT_UPCOMING_FEATURE_MEMBER_IMPORT_VISIBILITY = YES;
				SWIFT_VERSION = 5.0;
				TARGETED_DEVICE_FAMILY = "1,2";
				TEST_HOST = "$(BUILT_PRODUCTS_DIR)/Vestigo.app/$(BUNDLE_EXECUTABLE_FOLDER_PATH)/Vestigo";
			};
			name = Debug;
		};
		620094EA2FB15C86000C2463 /* Release */ = {
			isa = XCBuildConfiguration;
			buildSettings = {
				BUNDLE_LOADER = "$(TEST_HOST)";
				CODE_SIGN_STYLE = Automatic;
				CURRENT_PROJECT_VERSION = 1;
				GENERATE_INFOPLIST_FILE = YES;
				IPHONEOS_DEPLOYMENT_TARGET = 26.4;
				MARKETING_VERSION = 1.0;
				PRODUCT_BUNDLE_IDENTIFIER = Jojo.VestigoTests;
				PRODUCT_NAME = "$(TARGET_NAME)";
				STRING_CATALOG_GENERATE_SYMBOLS = NO;
				SWIFT_APPROACHABLE_CONCURRENCY = YES;
				SWIFT_EMIT_LOC_STRINGS = NO;
				SWIFT_UPCOMING_FEATURE_MEMBER_IMPORT_VISIBILITY = YES;
				SWIFT_VERSION = 5.0;
				TARGETED_DEVICE_FAMILY = "1,2";
				TEST_HOST = "$(BUILT_PRODUCTS_DIR)/Vestigo.app/$(BUNDLE_EXECUTABLE_FOLDER_PATH)/Vestigo";
			};
			name = Release;
		};
		620094EC2FB15C86000C2463 /* Debug */ = {
			isa = XCBuildConfiguration;
			buildSettings = {
				CODE_SIGN_STYLE = Automatic;
				CURRENT_PROJECT_VERSION = 1;
				GENERATE_INFOPLIST_FILE = YES;
				MARKETING_VERSION = 1.0;
				PRODUCT_BUNDLE_IDENTIFIER = Jojo.VestigoUITests;
				PRODUCT_NAME = "$(TARGET_NAME)";
				STRING_CATALOG_GENERATE_SYMBOLS = NO;
				SWIFT_APPROACHABLE_CONCURRENCY = YES;
				SWIFT_EMIT_LOC_STRINGS = NO;
				SWIFT_UPCOMING_FEATURE_MEMBER_IMPORT_VISIBILITY = YES;
				SWIFT_VERSION = 5.0;
				TARGETED_DEVICE_FAMILY = "1,2";
				TEST_TARGET_NAME = Vestigo;
			};
			name = Debug;
		};
		620094ED2FB15C86000C2463 /* Release */ = {
			isa = XCBuildConfiguration;
			buildSettings = {
				CODE_SIGN_STYLE = Automatic;
				CURRENT_PROJECT_VERSION = 1;
				GENERATE_INFOPLIST_FILE = YES;
				MARKETING_VERSION = 1.0;
				PRODUCT_BUNDLE_IDENTIFIER = Jojo.VestigoUITests;
				PRODUCT_NAME = "$(TARGET_NAME)";
				STRING_CATALOG_GENERATE_SYMBOLS = NO;
				SWIFT_APPROACHABLE_CONCURRENCY = YES;
				SWIFT_EMIT_LOC_STRINGS = NO;
				SWIFT_UPCOMING_FEATURE_MEMBER_IMPORT_VISIBILITY = YES;
				SWIFT_VERSION = 5.0;
				TARGETED_DEVICE_FAMILY = "1,2";
				TEST_TARGET_NAME = Vestigo;
			};
			name = Release;
		};
/* End XCBuildConfiguration section */

/* Begin XCConfigurationList section */
		620094BF2FB15C85000C2463 /* Build configuration list for PBXProject "Vestigo" */ = {
			isa = XCConfigurationList;
			buildConfigurations = (
				620094E32FB15C86000C2463 /* Debug */,
				620094E42FB15C86000C2463 /* Release */,
			);
			defaultConfigurationIsVisible = 0;
			defaultConfigurationName = Release;
		};
		620094E52FB15C86000C2463 /* Build configuration list for PBXNativeTarget "Vestigo" */ = {
			isa = XCConfigurationList;
			buildConfigurations = (
				620094E62FB15C86000C2463 /* Debug */,
				620094E72FB15C86000C2463 /* Release */,
			);
			defaultConfigurationIsVisible = 0;
			defaultConfigurationName = Release;
		};
		620094E82FB15C86000C2463 /* Build configuration list for PBXNativeTarget "VestigoTests" */ = {
			isa = XCConfigurationList;
			buildConfigurations = (
				620094E92FB15C86000C2463 /* Debug */,
				620094EA2FB15C86000C2463 /* Release */,
			);
			defaultConfigurationIsVisible = 0;
			defaultConfigurationName = Release;
		};
		620094EB2FB15C86000C2463 /* Build configuration list for PBXNativeTarget "VestigoUITests" */ = {
			isa = XCConfigurationList;
			buildConfigurations = (
				620094EC2FB15C86000C2463 /* Debug */,
				620094ED2FB15C86000C2463 /* Release */,
			);
			defaultConfigurationIsVisible = 0;
			defaultConfigurationName = Release;
		};
/* End XCConfigurationList section */

/* Begin XCRemoteSwiftPackageReference section */
		62EDA137304DF0FA00E7DF22 /* XCRemoteSwiftPackageReference "posthog-ios" */ = {
			isa = XCRemoteSwiftPackageReference;
			repositoryURL = "https://github.com/PostHog/posthog-ios";
			requirement = {
				kind = upToNextMajorVersion;
				minimumVersion = 3.71.4;
			};
		};
		62EDA138304DF1BB00E7DF22 /* XCRemoteSwiftPackageReference "sentry-cocoa" */ = {
			isa = XCRemoteSwiftPackageReference;
			repositoryURL = "https://github.com/getsentry/sentry-cocoa";
			requirement = {
				kind = upToNextMajorVersion;
				minimumVersion = 9.27.0;
			};
			traits = (
			);
		};
/* End XCRemoteSwiftPackageReference section */

/* Begin XCSwiftPackageProductDependency section */
		62EDA139304DF1BB00E7DF22 /* Sentry */ = {
			isa = XCSwiftPackageProductDependency;
			package = 62EDA138304DF1BB00E7DF22 /* XCRemoteSwiftPackageReference "sentry-cocoa" */;
			productName = Sentry;
		};
		62EDA13C304DF2AE00E7DF22 /* PostHog */ = {
			isa = XCSwiftPackageProductDependency;
			package = 62EDA137304DF0FA00E7DF22 /* XCRemoteSwiftPackageReference "posthog-ios" */;
			productName = PostHog;
		};
/* End XCSwiftPackageProductDependency section */
	};
	rootObject = 620094BC2FB15C85000C2463 /* Project object */;
}
